
Microsoft Visual Studio Solution File, Format Version 12.00
# Visual Studio Version 16
VisualStudioVersion = 16.0.30517.126
MinimumVisualStudioVersion = 10.0.40219.1
Project("{8BC9CEB8-8B4A-11D0-8D11-00A0C91BC942}") = "Pro 11 09", "Pro 11 09.vcxproj", "{E9887233-FA6B-4C05-8F98-C9E3824EFA1A}"
EndProject
Global
	GlobalSection(SolutionConfigurationPlatforms) = preSolution
		Debug|x64 = Debug|x64
		Debug|x86 = Debug|x86
		Release|x64 = Release|x64
		Release|x86 = Release|x86
	EndGlobalSection
	GlobalSection(ProjectConfigurationPlatforms) = postSolution
		{E9887233-FA6B-4C05-8F98-C9E3824EFA1A}.Debug|x64.ActiveCfg = Debug|x64
		{E9887233-FA6B-4C05-8F98-C9E3824EFA1A}.Debug|x64.Build.0 = Debug|x64
		{E9887233-FA6B-4C05-8F98-C9E3824EFA1A}.Debug|x86.ActiveCfg = Debug|Win32
		{E9887233-FA6B-4C05-8F98-C9E3824EFA1A}.Debug|x86.Build.0 = Debug|Win32
		{E9887233-FA6B-4C05-8F98-C9E3824EFA1A}.Release|x64.ActiveCfg = Release|x64
		{E9887233-FA6B-4C05-8F98-C9E3824EFA1A}.Release|x64.Build.0 = Release|x64
		{E9887233-FA6B-4C05-8F98-C9E3824EFA1A}.Release|x86.ActiveCfg = Release|Win32
		{E9887233-FA6B-4C05-8F98-C9E3824EFA1A}.Release|x86.Build.0 = Release|Win32
	EndGlobalSection
	GlobalSection(SolutionProperties) = preSolution
		HideSolutionNode = FALSE
	EndGlobalSection
	GlobalSection(ExtensibilityGlobals) = postSolution
		SolutionGuid = {E6FFFBDF-7497-4CDA-8C96-EE241D739DDD}
	EndGlobalSection
EndGlobal
