
Microsoft Visual Studio Solution File, Format Version 12.00
# Visual Studio Version 16
VisualStudioVersion = 16.0.30517.126
MinimumVisualStudioVersion = 10.0.40219.1
Project("{8BC9CEB8-8B4A-11D0-8D11-00A0C91BC942}") = "Add two numbers", "Add two numbers.vcxproj", "{55455645-B5D7-480D-99DE-D83933B0B6EF}"
EndProject
Global
	GlobalSection(SolutionConfigurationPlatforms) = preSolution
		Debug|x64 = Debug|x64
		Debug|x86 = Debug|x86
		Release|x64 = Release|x64
		Release|x86 = Release|x86
	EndGlobalSection
	GlobalSection(ProjectConfigurationPlatforms) = postSolution
		{55455645-B5D7-480D-99DE-D83933B0B6EF}.Debug|x64.ActiveCfg = Debug|x64
		{55455645-B5D7-480D-99DE-D83933B0B6EF}.Debug|x64.Build.0 = Debug|x64
		{55455645-B5D7-480D-99DE-D83933B0B6EF}.Debug|x86.ActiveCfg = Debug|Win32
		{55455645-B5D7-480D-99DE-D83933B0B6EF}.Debug|x86.Build.0 = Debug|Win32
		{55455645-B5D7-480D-99DE-D83933B0B6EF}.Release|x64.ActiveCfg = Release|x64
		{55455645-B5D7-480D-99DE-D83933B0B6EF}.Release|x64.Build.0 = Release|x64
		{55455645-B5D7-480D-99DE-D83933B0B6EF}.Release|x86.ActiveCfg = Release|Win32
		{55455645-B5D7-480D-99DE-D83933B0B6EF}.Release|x86.Build.0 = Release|Win32
	EndGlobalSection
	GlobalSection(SolutionProperties) = preSolution
		HideSolutionNode = FALSE
	EndGlobalSection
	GlobalSection(ExtensibilityGlobals) = postSolution
		SolutionGuid = {A49F20FA-A8B9-4C94-BEAF-39D4C76DDB04}
	EndGlobalSection
EndGlobal
